
Microsoft Visual Studio Solution File, Format Version 12.00
# Visual Studio Version 17
VisualStudioVersion = 17.1.32328.378
MinimumVisualStudioVersion = 10.0.40219.1
Project("{FAE04EC0-301F-11D3-BF4B-00C04F79EFBC}") = "ApiDocTest", "ApiDocTest\ApiDocTest.csproj", "{4977FDD4-793D-4E5C-A73D-C37DDAD7B115}"
EndProject
Global
	GlobalSection(SolutionConfigurationPlatforms) = preSolution
		Debug|Any CPU = Debug|Any CPU
		Release|Any CPU = Release|Any CPU
	EndGlobalSection
	GlobalSection(ProjectConfigurationPlatforms) = postSolution
		{4977FDD4-793D-4E5C-A73D-C37DDAD7B115}.Debug|Any CPU.ActiveCfg = Debug|Any CPU
		{4977FDD4-793D-4E5C-A73D-C37DDAD7B115}.Debug|Any CPU.Build.0 = Debug|Any CPU
		{4977FDD4-793D-4E5C-A73D-C37DDAD7B115}.Release|Any CPU.ActiveCfg = Release|Any CPU
		{4977FDD4-793D-4E5C-A73D-C37DDAD7B115}.Release|Any CPU.Build.0 = Release|Any CPU
	EndGlobalSection
	GlobalSection(SolutionProperties) = preSolution
		HideSolutionNode = FALSE
	EndGlobalSection
	GlobalSection(ExtensibilityGlobals) = postSolution
		SolutionGuid = {2B7DEAD3-DB47-4DBC-B9D3-A3EDE467E247}
	EndGlobalSection
EndGlobal
